// !$*UTF8*$!
{
	archiveVersion = 1;
	classes = {
	};
	objectVersion = 48;
	objects = {

/* Begin PBXBuildFile section */
		6B3C74761FFD78EB00CBC658 /* AppDelegate.swift in Sources */ = {isa = PBXBuildFile; fileRef = 6B3C74751FFD78EB00CBC658 /* AppDelegate.swift */; };
		6B3C74781FFD78EB00CBC658 /* ViewController.swift in Sources */ = {isa = PBXBuildFile; fileRef = 6B3C74771FFD78EB00CBC658 /* ViewController.swift */; };
		6B3C747B1FFD78EB00CBC658 /* Main.storyboard in Resources */ = {isa = PBXBuildFile; fileRef = 6B3C74791FFD78EB00CBC658 /* Main.storyboard */; };
		6B3C747D1FFD78EB00CBC658 /* Assets.xcassets in Resources */ = {isa = PBXBuildFile; fileRef = 6B3C747C1FFD78EB00CBC658 /* Assets.xcassets */; };
		6B3C74801FFD78EB00CBC658 /* LaunchScreen.storyboard in Resources */ = {isa = PBXBuildFile; fileRef = 6B3C747E1FFD78EB00CBC658 /* LaunchScreen.storyboard */; };
		6B3C74881FFD7BAB00CBC658 /* SidePanelPresentationController.swift in Sources */ = {isa = PBXBuildFile; fileRef = 6B3C74871FFD7BAB00CBC658 /* SidePanelPresentationController.swift */; };
		6B3C748E1FFD9B3100CBC658 /* SidePanelViewController.swift in Sources */ = {isa = PBXBuildFile; fileRef = 6B3C748D1FFD9B3100CBC658 /* SidePanelViewController.swift */; };
		6B7738DA1FFEC1B90008A184 /* SidePanelSegue.swift in Sources */ = {isa = PBXBuildFile; fileRef = 6B7738D91FFEC1B90008A184 /* SidePanelSegue.swift */; };
/* End PBXBuildFile section */

/* Begin PBXFileReference section */
		6B3C74721FFD78EB00CBC658 /* ModalHamburgerMenu.app */ = {isa = PBXFileReference; explicitFileType = wrapper.application; includeInIndex = 0; path = ModalHamburgerMenu.app; sourceTree = BUILT_PRODUCTS_DIR; };
		6B3C74751FFD78EB00CBC658 /* AppDelegate.swift */ = {isa = PBXFileReference; lastKnownFileType = sourcecode.swift; path = AppDelegate.swift; sourceTree = "<group>"; };
		6B3C74771FFD78EB00CBC658 /* ViewController.swift */ = {isa = PBXFileReference; lastKnownFileType = sourcecode.swift; path = ViewController.swift; sourceTree = "<group>"; };
		6B3C747A1FFD78EB00CBC658 /* Base */ = {isa = PBXFileReference; lastKnownFileType = file.storyboard; name = Base; path = Base.lproj/Main.storyboard; sourceTree = "<group>"; };
		6B3C747C1FFD78EB00CBC658 /* Assets.xcassets */ = {isa = PBXFileReference; lastKnownFileType = folder.assetcatalog; path = Assets.xcassets; sourceTree = "<group>"; };
		6B3C747F1FFD78EB00CBC658 /* Base */ = {isa = PBXFileReference; lastKnownFileType = file.storyboard; name = Base; path = Base.lproj/LaunchScreen.storyboard; sourceTree = "<group>"; };
		6B3C74811FFD78EB00CBC658 /* Info.plist */ = {isa = PBXFileReference; lastKnownFileType = text.plist.xml; path = Info.plist; sourceTree = "<group>"; };
		6B3C74871FFD7BAB00CBC658 /* SidePanelPresentationController.swift */ = {isa = PBXFileReference; lastKnownFileType = sourcecode.swift; path = SidePanelPresentationController.swift; sourceTree = "<group>"; };
		6B3C748D1FFD9B3100CBC658 /* SidePanelViewController.swift */ = {isa = PBXFileReference; lastKnownFileType = sourcecode.swift; path = SidePanelViewController.swift; sourceTree = "<group>"; };
		6B7738D91FFEC1B90008A184 /* SidePanelSegue.swift */ = {isa = PBXFileReference; fileEncoding = 4; lastKnownFileType = sourcecode.swift; path = SidePanelSegue.swift; sourceTree = "<group>"; };
/* End PBXFileReference section */

/* Begin PBXFrameworksBuildPhase section */
		6B3C746F1FFD78EB00CBC658 /* Frameworks */ = {
			isa = PBXFrameworksBuildPhase;
			buildActionMask = 2147483647;
			files = (
			);
			runOnlyForDeploymentPostprocessing = 0;
		};
/* End PBXFrameworksBuildPhase section */

/* Begin PBXGroup section */
		6B3C74691FFD78EB00CBC658 = {
			isa = PBXGroup;
			children = (
				6B3C74741FFD78EB00CBC658 /* ModalHamburgerMenu */,
				6B3C74731FFD78EB00CBC658 /* Products */,
			);
			sourceTree = "<group>";
		};
		6B3C74731FFD78EB00CBC658 /* Products */ = {
			isa = PBXGroup;
			children = (
				6B3C74721FFD78EB00CBC658 /* ModalHamburgerMenu.app */,
			);
			name = Products;
			sourceTree = "<group>";
		};
		6B3C74741FFD78EB00CBC658 /* ModalHamburgerMenu */ = {
			isa = PBXGroup;
			children = (
				6B3C74751FFD78EB00CBC658 /* AppDelegate.swift */,
				6B3C74771FFD78EB00CBC658 /* ViewController.swift */,
				6B3C748D1FFD9B3100CBC658 /* SidePanelViewController.swift */,
				6B3C74871FFD7BAB00CBC658 /* SidePanelPresentationController.swift */,
				6B7738D91FFEC1B90008A184 /* SidePanelSegue.swift */,
				6B3C74791FFD78EB00CBC658 /* Main.storyboard */,
				6B3C747C1FFD78EB00CBC658 /* Assets.xcassets */,
				6B3C747E1FFD78EB00CBC658 /* LaunchScreen.storyboard */,
				6B3C74811FFD78EB00CBC658 /* Info.plist */,
			);
			path = ModalHamburgerMenu;
			sourceTree = "<group>";
		};
/* End PBXGroup section */

/* Begin PBXNativeTarget section */
		6B3C74711FFD78EB00CBC658 /* ModalHamburgerMenu */ = {
			isa = PBXNativeTarget;
			buildConfigurationList = 6B3C74841FFD78EB00CBC658 /* Build configuration list for PBXNativeTarget "ModalHamburgerMenu" */;
			buildPhases = (
				6B3C746E1FFD78EB00CBC658 /* Sources */,
				6B3C746F1FFD78EB00CBC658 /* Frameworks */,
				6B3C74701FFD78EB00CBC658 /* Resources */,
			);
			buildRules = (
			);
			dependencies = (
			);
			name = ModalHamburgerMenu;
			productName = HamburgerTest;
			productReference = 6B3C74721FFD78EB00CBC658 /* ModalHamburgerMenu.app */;
			productType = "com.apple.product-type.application";
		};
/* End PBXNativeTarget section */

/* Begin PBXProject section */
		6B3C746A1FFD78EB00CBC658 /* Project object */ = {
			isa = PBXProject;
			attributes = {
				LastSwiftUpdateCheck = 0920;
				LastUpgradeCheck = 0920;
				ORGANIZATIONNAME = Papaya;
				TargetAttributes = {
					6B3C74711FFD78EB00CBC658 = {
						CreatedOnToolsVersion = 9.2;
						ProvisioningStyle = Automatic;
					};
				};
			};
			buildConfigurationList = 6B3C746D1FFD78EB00CBC658 /* Build configuration list for PBXProject "ModalHamburgerMenu" */;
			compatibilityVersion = "Xcode 8.0";
			developmentRegion = en;
			hasScannedForEncodings = 0;
			knownRegions = (
				en,
				Base,
			);
			mainGroup = 6B3C74691FFD78EB00CBC658;
			productRefGroup = 6B3C74731FFD78EB00CBC658 /* Products */;
			projectDirPath = "";
			projectRoot = "";
			targets = (
				6B3C74711FFD78EB00CBC658 /* ModalHamburgerMenu */,
			);
		};
/* End PBXProject section */

/* Begin PBXResourcesBuildPhase section */
		6B3C74701FFD78EB00CBC658 /* Resources */ = {
			isa = PBXResourcesBuildPhase;
			buildActionMask = 2147483647;
			files = (
				6B3C74801FFD78EB00CBC658 /* LaunchScreen.storyboard in Resources */,
				6B3C747D1FFD78EB00CBC658 /* Assets.xcassets in Resources */,
				6B3C747B1FFD78EB00CBC658 /* Main.storyboard in Resources */,
			);
			runOnlyForDeploymentPostprocessing = 0;
		};
/* End PBXResourcesBuildPhase section */

/* Begin PBXSourcesBuildPhase section */
		6B3C746E1FFD78EB00CBC658 /* Sources */ = {
			isa = PBXSourcesBuildPhase;
			buildActionMask = 2147483647;
			files = (
				6B3C74781FFD78EB00CBC658 /* ViewController.swift in Sources */,
				6B3C748E1FFD9B3100CBC658 /* SidePanelViewController.swift in Sources */,
				6B3C74881FFD7BAB00CBC658 /* SidePanelPresentationController.swift in Sources */,
				6B7738DA1FFEC1B90008A184 /* SidePanelSegue.swift in Sources */,
				6B3C74761FFD78EB00CBC658 /* AppDelegate.swift in Sources */,
			);
			runOnlyForDeploymentPostprocessing = 0;
		};
/* End PBXSourcesBuildPhase section */

/* Begin PBXVariantGroup section */
		6B3C74791FFD78EB00CBC658 /* Main.storyboard */ = {
			isa = PBXVariantGroup;
			children = (
				6B3C747A1FFD78EB00CBC658 /* Base */,
			);
			name = Main.storyboard;
			sourceTree = "<group>";
		};
		6B3C747E1FFD78EB00CBC658 /* LaunchScreen.storyboard */ = {
			isa = PBXVariantGroup;
			children = (
				6B3C747F1FFD78EB00CBC658 /* Base */,
			);
			name = LaunchScreen.storyboard;
			sourceTree = "<group>";
		};
/* End PBXVariantGroup section */

/* Begin XCBuildConfiguration section */
		6B3C74821FFD78EB00CBC658 /* Debug */ = {
			isa = XCBuildConfiguration;
			buildSettings = {
				ALWAYS_SEARCH_USER_PATHS = NO;
				CLANG_ANALYZER_NONNULL = YES;
				CLANG_ANALYZER_NUMBER_OBJECT_CONVERSION = YES_AGGRESSIVE;
				CLANG_CXX_LANGUAGE_STANDARD = "gnu++14";
				CLANG_CXX_LIBRARY = "libc++";
				CLANG_ENABLE_MODULES = YES;
				CLANG_ENABLE_OBJC_ARC = YES;
				CLANG_WARN_BLOCK_CAPTURE_AUTORELEASING = YES;
				CLANG_WARN_BOOL_CONVERSION = YES;
				CLANG_WARN_COMMA = YES;
				CLANG_WARN_CONSTANT_CONVERSION = YES;
				CLANG_WARN_DIRECT_OBJC_ISA_USAGE = YES_ERROR;
				CLANG_WARN_DOCUMENTATION_COMMENTS = YES;
				CLANG_WARN_EMPTY_BODY = YES;
				CLANG_WARN_ENUM_CONVERSION = YES;
				CLANG_WARN_INFINITE_RECURSION = YES;
				CLANG_WARN_INT_CONVERSION = YES;
				CLANG_WARN_NON_LITERAL_NULL_CONVERSION = YES;
				CLANG_WARN_OBJC_LITERAL_CONVERSION = YES;
				CLANG_WARN_OBJC_ROOT_CLASS = YES_ERROR;
				CLANG_WARN_RANGE_LOOP_ANALYSIS = YES;
				CLANG_WARN_STRICT_PROTOTYPES = YES;
				CLANG_WARN_SUSPICIOUS_MOVE = YES;
				CLANG_WARN_UNGUARDED_AVAILABILITY = YES_AGGRESSIVE;
				CLANG_WARN_UNREACHABLE_CODE = YES;
				CLANG_WARN__DUPLICATE_METHOD_MATCH = YES;
				CODE_SIGN_IDENTITY = "iPhone Developer";
				COPY_PHASE_STRIP = NO;
				DEBUG_INFORMATION_FORMAT = dwarf;
				ENABLE_STRICT_OBJC_MSGSEND = YES;
				ENABLE_TESTABILITY = YES;
				GCC_C_LANGUAGE_STANDARD = gnu11;
				GCC_DYNAMIC_NO_PIC = NO;
				GCC_NO_COMMON_BLOCKS = YES;
				GCC_OPTIMIZATION_LEVEL = 0;
				GCC_PREPROCESSOR_DEFINITIONS = (
					"DEBUG=1",
					"$(inherited)",
				);
				GCC_WARN_64_TO_32_BIT_CONVERSION = YES;
				GCC_WARN_ABOUT_RETURN_TYPE = YES_ERROR;
				GCC_WARN_UNDECLARED_SELECTOR = YES;
				GCC_WARN_UNINITIALIZED_AUTOS = YES_AGGRESSIVE;
				GCC_WARN_UNUSED_FUNCTION = YES;
				GCC_WARN_UNUSED_VARIABLE = YES;
				IPHONEOS_DEPLOYMENT_TARGET = 11.2;
				MTL_ENABLE_DEBUG_INFO = YES;
				ONLY_ACTIVE_ARCH = YES;
				SDKROOT = iphoneos;
				SWIFT_ACTIVE_COMPILATION_CONDITIONS = DEBUG;
				SWIFT_OPTIMIZATION_LEVEL = "-Onone";
			};
			name = Debug;
		};
		6B3C74831FFD78EB00CBC658 /* Release */ = {
			isa = XCBuildConfiguration;
			buildSettings = {
				ALWAYS_SEARCH_USER_PATHS = NO;
				CLANG_ANALYZER_NONNULL = YES;
				CLANG_ANALYZER_NUMBER_OBJECT_CONVERSION = YES_AGGRESSIVE;
				CLANG_CXX_LANGUAGE_STANDARD = "gnu++14";
				CLANG_CXX_LIBRARY = "libc++";
				CLANG_ENABLE_MODULES = YES;
				CLANG_ENABLE_OBJC_ARC = YES;
				CLANG_WARN_BLOCK_CAPTURE_AUTORELEASING = YES;
				CLANG_WARN_BOOL_CONVERSION = YES;
				CLANG_WARN_COMMA = YES;
				CLANG_WARN_CONSTANT_CONVERSION = YES;
				CLANG_WARN_DIRECT_OBJC_ISA_USAGE = YES_ERROR;
				CLANG_WARN_DOCUMENTATION_COMMENTS = YES;
				CLANG_WARN_EMPTY_BODY = YES;
				CLANG_WARN_ENUM_CONVERSION = YES;
				CLANG_WARN_INFINITE_RECURSION = YES;
				CLANG_WARN_INT_CONVERSION = YES;
				CLANG_WARN_NON_LITERAL_NULL_CONVERSION = YES;
				CLANG_WARN_OBJC_LITERAL_CONVERSION = YES;
				CLANG_WARN_OBJC_ROOT_CLASS = YES_ERROR;
				CLANG_WARN_RANGE_LOOP_ANALYSIS = YES;
				CLANG_WARN_STRICT_PROTOTYPES = YES;
				CLANG_WARN_SUSPICIOUS_MOVE = YES;
				CLANG_WARN_UNGUARDED_AVAILABILITY = YES_AGGRESSIVE;
				CLANG_WARN_UNREACHABLE_CODE = YES;
				CLANG_WARN__DUPLICATE_METHOD_MATCH = YES;
				CODE_SIGN_IDENTITY = "iPhone Developer";
				COPY_PHASE_STRIP = NO;
				DEBUG_INFORMATION_FORMAT = "dwarf-with-dsym";
				ENABLE_NS_ASSERTIONS = NO;
				ENABLE_STRICT_OBJC_MSGSEND = YES;
				GCC_C_LANGUAGE_STANDARD = gnu11;
				GCC_NO_COMMON_BLOCKS = YES;
				GCC_WARN_64_TO_32_BIT_CONVERSION = YES;
				GCC_WARN_ABOUT_RETURN_TYPE = YES_ERROR;
				GCC_WARN_UNDECLARED_SELECTOR = YES;
				GCC_WARN_UNINITIALIZED_AUTOS = YES_AGGRESSIVE;
				GCC_WARN_UNUSED_FUNCTION = YES;
				GCC_WARN_UNUSED_VARIABLE = YES;
				IPHONEOS_DEPLOYMENT_TARGET = 11.2;
				MTL_ENABLE_DEBUG_INFO = NO;
				SDKROOT = iphoneos;
				SWIFT_OPTIMIZATION_LEVEL = "-Owholemodule";
				VALIDATE_PRODUCT = YES;
			};
			name = Release;
		};
		6B3C74851FFD78EB00CBC658 /* Debug */ = {
			isa = XCBuildConfiguration;
			buildSettings = {
				ASSETCATALOG_COMPILER_APPICON_NAME = AppIcon;
				CODE_SIGN_STYLE = Automatic;
				DEVELOPMENT_TEAM = "";
				INFOPLIST_FILE = ModalHamburgerMenu/Info.plist;
				LD_RUNPATH_SEARCH_PATHS = "$(inherited) @executable_path/Frameworks";
				PRODUCT_BUNDLE_IDENTIFIER = nyc.bcc.ModalHamburgerMenu;
				PRODUCT_NAME = "$(TARGET_NAME)";
				SWIFT_VERSION = 4.0;
				TARGETED_DEVICE_FAMILY = "1,2";
			};
			name = Debug;
		};
		6B3C74861FFD78EB00CBC658 /* Release */ = {
			isa = XCBuildConfiguration;
			buildSettings = {
				ASSETCATALOG_COMPILER_APPICON_NAME = AppIcon;
				CODE_SIGN_STYLE = Automatic;
				DEVELOPMENT_TEAM = "";
				INFOPLIST_FILE = ModalHamburgerMenu/Info.plist;
				LD_RUNPATH_SEARCH_PATHS = "$(inherited) @executable_path/Frameworks";
				PRODUCT_BUNDLE_IDENTIFIER = nyc.bcc.ModalHamburgerMenu;
				PRODUCT_NAME = "$(TARGET_NAME)";
				SWIFT_VERSION = 4.0;
				TARGETED_DEVICE_FAMILY = "1,2";
			};
			name = Release;
		};
/* End XCBuildConfiguration section */

/* Begin XCConfigurationList section */
		6B3C746D1FFD78EB00CBC658 /* Build configuration list for PBXProject "ModalHamburgerMenu" */ = {
			isa = XCConfigurationList;
			buildConfigurations = (
				6B3C74821FFD78EB00CBC658 /* Debug */,
				6B3C74831FFD78EB00CBC658 /* Release */,
			);
			defaultConfigurationIsVisible = 0;
			defaultConfigurationName = Release;
		};
		6B3C74841FFD78EB00CBC658 /* Build configuration list for PBXNativeTarget "ModalHamburgerMenu" */ = {
			isa = XCConfigurationList;
			buildConfigurations = (
				6B3C74851FFD78EB00CBC658 /* Debug */,
				6B3C74861FFD78EB00CBC658 /* Release */,
			);
			defaultConfigurationIsVisible = 0;
			defaultConfigurationName = Release;
		};
/* End XCConfigurationList section */
	};
	rootObject = 6B3C746A1FFD78EB00CBC658 /* Project object */;
}
